
Microsoft Visual Studio Solution File, Format Version 12.00
# Visual Studio Version 16
VisualStudioVersion = 16.0.32602.291
MinimumVisualStudioVersion = 10.0.40219.1
Project("{FAE04EC0-301F-11D3-BF4B-00C04F79EFBC}") = "SwitchCase", "SwitchCase.csproj", "{56866CDA-B261-4399-A70B-E817877D291D}"
EndProject
Global
	GlobalSection(SolutionConfigurationPlatforms) = preSolution
		Debug|Any CPU = Debug|Any CPU
		Release|Any CPU = Release|Any CPU
	EndGlobalSection
	GlobalSection(ProjectConfigurationPlatforms) = postSolution
		{56866CDA-B261-4399-A70B-E817877D291D}.Debug|Any CPU.ActiveCfg = Debug|Any CPU
		{56866CDA-B261-4399-A70B-E817877D291D}.Debug|Any CPU.Build.0 = Debug|Any CPU
		{56866CDA-B261-4399-A70B-E817877D291D}.Release|Any CPU.ActiveCfg = Release|Any CPU
		{56866CDA-B261-4399-A70B-E817877D291D}.Release|Any CPU.Build.0 = Release|Any CPU
	EndGlobalSection
	GlobalSection(SolutionProperties) = preSolution
		HideSolutionNode = FALSE
	EndGlobalSection
	GlobalSection(ExtensibilityGlobals) = postSolution
		SolutionGuid = {B719D0FE-7758-47B6-A4DB-ED21932362C6}
	EndGlobalSection
EndGlobal
